
Microsoft Visual Studio Solution File, Format Version 12.00
# Visual Studio Version 16
VisualStudioVersion = 16.0.31729.503
MinimumVisualStudioVersion = 10.0.40219.1
Project("{FAE04EC0-301F-11D3-BF4B-00C04F79EFBC}") = "PF.Entidades", "Pf.Entidades\PF.Entidades.csproj", "{DE50D6A3-504D-40D1-B24B-76DAD4856374}"
EndProject
Project("{FAE04EC0-301F-11D3-BF4B-00C04F79EFBC}") = "PF.InterfazUsuario", "PF.InterfazUsuario\PF.InterfazUsuario.csproj", "{47DD7B32-F040-4D01-82B5-E59C0816449A}"
EndProject
Project("{FAE04EC0-301F-11D3-BF4B-00C04F79EFBC}") = "PF.Negocio", "PF.Negocio\PF.Negocio.csproj", "{E29A0B88-617A-47D2-A57D-48B002978A87}"
EndProject
Project("{FAE04EC0-301F-11D3-BF4B-00C04F79EFBC}") = "PF.Datos", "Pf.Datos\PF.Datos.csproj", "{993712F0-A8B3-4FA8-896B-29C15C1495D5}"
EndProject
Global
	GlobalSection(SolutionConfigurationPlatforms) = preSolution
		Debug|Any CPU = Debug|Any CPU
		Release|Any CPU = Release|Any CPU
	EndGlobalSection
	GlobalSection(ProjectConfigurationPlatforms) = postSolution
		{DE50D6A3-504D-40D1-B24B-76DAD4856374}.Debug|Any CPU.ActiveCfg = Debug|Any CPU
		{DE50D6A3-504D-40D1-B24B-76DAD4856374}.Debug|Any CPU.Build.0 = Debug|Any CPU
		{DE50D6A3-504D-40D1-B24B-76DAD4856374}.Release|Any CPU.ActiveCfg = Release|Any CPU
		{DE50D6A3-504D-40D1-B24B-76DAD4856374}.Release|Any CPU.Build.0 = Release|Any CPU
		{47DD7B32-F040-4D01-82B5-E59C0816449A}.Debug|Any CPU.ActiveCfg = Debug|Any CPU
		{47DD7B32-F040-4D01-82B5-E59C0816449A}.Debug|Any CPU.Build.0 = Debug|Any CPU
		{47DD7B32-F040-4D01-82B5-E59C0816449A}.Release|Any CPU.ActiveCfg = Release|Any CPU
		{47DD7B32-F040-4D01-82B5-E59C0816449A}.Release|Any CPU.Build.0 = Release|Any CPU
		{E29A0B88-617A-47D2-A57D-48B002978A87}.Debug|Any CPU.ActiveCfg = Debug|Any CPU
		{E29A0B88-617A-47D2-A57D-48B002978A87}.Debug|Any CPU.Build.0 = Debug|Any CPU
		{E29A0B88-617A-47D2-A57D-48B002978A87}.Release|Any CPU.ActiveCfg = Release|Any CPU
		{E29A0B88-617A-47D2-A57D-48B002978A87}.Release|Any CPU.Build.0 = Release|Any CPU
		{993712F0-A8B3-4FA8-896B-29C15C1495D5}.Debug|Any CPU.ActiveCfg = Debug|Any CPU
		{993712F0-A8B3-4FA8-896B-29C15C1495D5}.Debug|Any CPU.Build.0 = Debug|Any CPU
		{993712F0-A8B3-4FA8-896B-29C15C1495D5}.Release|Any CPU.ActiveCfg = Release|Any CPU
		{993712F0-A8B3-4FA8-896B-29C15C1495D5}.Release|Any CPU.Build.0 = Release|Any CPU
	EndGlobalSection
	GlobalSection(SolutionProperties) = preSolution
		HideSolutionNode = FALSE
	EndGlobalSection
	GlobalSection(ExtensibilityGlobals) = postSolution
		SolutionGuid = {CE184DE2-7158-4E3F-A07E-B02FCE2716FC}
	EndGlobalSection
EndGlobal
